
Microsoft Visual Studio Solution File, Format Version 12.00
# Visual Studio Version 16
VisualStudioVersion = 16.0.29806.167
MinimumVisualStudioVersion = 10.0.40219.1
Project("{FAE04EC0-301F-11D3-BF4B-00C04F79EFBC}") = "Broker", "Broker.csproj", "{0FA47237-0B37-4ED7-89D7-45FF89E869F5}"
EndProject
Project("{FAE04EC0-301F-11D3-BF4B-00C04F79EFBC}") = "Publisher", "..\Publisher\Publisher.csproj", "{4589B5EA-7B21-42E5-AE71-2F64185254CB}"
EndProject
Project("{FAE04EC0-301F-11D3-BF4B-00C04F79EFBC}") = "MqttCore", "..\MqttCore\MqttCore.csproj", "{D58EC553-803F-40A4-9656-4832158015FF}"
EndProject
Global
	GlobalSection(SolutionConfigurationPlatforms) = preSolution
		Debug|Any CPU = Debug|Any CPU
		Release|Any CPU = Release|Any CPU
	EndGlobalSection
	GlobalSection(ProjectConfigurationPlatforms) = postSolution
		{0FA47237-0B37-4ED7-89D7-45FF89E869F5}.Debug|Any CPU.ActiveCfg = Debug|Any CPU
		{0FA47237-0B37-4ED7-89D7-45FF89E869F5}.Debug|Any CPU.Build.0 = Debug|Any CPU
		{0FA47237-0B37-4ED7-89D7-45FF89E869F5}.Release|Any CPU.ActiveCfg = Release|Any CPU
		{0FA47237-0B37-4ED7-89D7-45FF89E869F5}.Release|Any CPU.Build.0 = Release|Any CPU
		{4589B5EA-7B21-42E5-AE71-2F64185254CB}.Debug|Any CPU.ActiveCfg = Debug|Any CPU
		{4589B5EA-7B21-42E5-AE71-2F64185254CB}.Debug|Any CPU.Build.0 = Debug|Any CPU
		{4589B5EA-7B21-42E5-AE71-2F64185254CB}.Release|Any CPU.ActiveCfg = Release|Any CPU
		{4589B5EA-7B21-42E5-AE71-2F64185254CB}.Release|Any CPU.Build.0 = Release|Any CPU
		{D58EC553-803F-40A4-9656-4832158015FF}.Debug|Any CPU.ActiveCfg = Debug|Any CPU
		{D58EC553-803F-40A4-9656-4832158015FF}.Debug|Any CPU.Build.0 = Debug|Any CPU
		{D58EC553-803F-40A4-9656-4832158015FF}.Release|Any CPU.ActiveCfg = Release|Any CPU
		{D58EC553-803F-40A4-9656-4832158015FF}.Release|Any CPU.Build.0 = Release|Any CPU
	EndGlobalSection
	GlobalSection(SolutionProperties) = preSolution
		HideSolutionNode = FALSE
	EndGlobalSection
	GlobalSection(ExtensibilityGlobals) = postSolution
		SolutionGuid = {ABA4F3E8-4CB7-4089-A8CF-DE159668FB4D}
	EndGlobalSection
EndGlobal
